// !$*UTF8*$!
{
	archiveVersion = 1;
	classes = {
	};
	objectVersion = 50;
	objects = {

/* Begin PBXBuildFile section */
		4B477C1224C1F15A00DC2CA3 /* AppDelegate.swift in Sources */ = {isa = PBXBuildFile; fileRef = 4B477C1124C1F15A00DC2CA3 /* AppDelegate.swift */; };
		4B477C1424C1F15A00DC2CA3 /* SceneDelegate.swift in Sources */ = {isa = PBXBuildFile; fileRef = 4B477C1324C1F15A00DC2CA3 /* SceneDelegate.swift */; };
		4B477C1624C1F15A00DC2CA3 /* MemeEditorViewController.swift in Sources */ = {isa = PBXBuildFile; fileRef = 4B477C1524C1F15A00DC2CA3 /* MemeEditorViewController.swift */; };
		4B477C1924C1F15A00DC2CA3 /* Main.storyboard in Resources */ = {isa = PBXBuildFile; fileRef = 4B477C1724C1F15A00DC2CA3 /* Main.storyboard */; };
		4B477C1B24C1F15C00DC2CA3 /* Assets.xcassets in Resources */ = {isa = PBXBuildFile; fileRef = 4B477C1A24C1F15C00DC2CA3 /* Assets.xcassets */; };
		4B477C1E24C1F15C00DC2CA3 /* LaunchScreen.storyboard in Resources */ = {isa = PBXBuildFile; fileRef = 4B477C1C24C1F15C00DC2CA3 /* LaunchScreen.storyboard */; };
		4B72E3ED25230AE9003A4F68 /* MemeCollectionViewController.swift in Sources */ = {isa = PBXBuildFile; fileRef = 4B72E3EC25230AE9003A4F68 /* MemeCollectionViewController.swift */; };
		4B72E3F025230AF7003A4F68 /* MemeTableViewController.swift in Sources */ = {isa = PBXBuildFile; fileRef = 4B72E3EF25230AF7003A4F68 /* MemeTableViewController.swift */; };
		4B72E3F825231941003A4F68 /* Meme.swift in Sources */ = {isa = PBXBuildFile; fileRef = 4B72E3F725231941003A4F68 /* Meme.swift */; };
		4B72E42D2525B8DF003A4F68 /* MemeDetailViewController.swift in Sources */ = {isa = PBXBuildFile; fileRef = 4B72E42C2525B8DF003A4F68 /* MemeDetailViewController.swift */; };
		4B72E4312525D4AE003A4F68 /* MemeCollectionViewCell.swift in Sources */ = {isa = PBXBuildFile; fileRef = 4B72E4302525D4AE003A4F68 /* MemeCollectionViewCell.swift */; };
		4B72E444252B9C9A003A4F68 /* MemeTableViewCell.swift in Sources */ = {isa = PBXBuildFile; fileRef = 4B72E443252B9C9A003A4F68 /* MemeTableViewCell.swift */; };
/* End PBXBuildFile section */

/* Begin PBXFileReference section */
		4B477C0E24C1F15A00DC2CA3 /* MemeMe 2.0.app */ = {isa = PBXFileReference; explicitFileType = wrapper.application; includeInIndex = 0; path = "MemeMe 2.0.app"; sourceTree = BUILT_PRODUCTS_DIR; };
		4B477C1124C1F15A00DC2CA3 /* AppDelegate.swift */ = {isa = PBXFileReference; lastKnownFileType = sourcecode.swift; path = AppDelegate.swift; sourceTree = "<group>"; };
		4B477C1324C1F15A00DC2CA3 /* SceneDelegate.swift */ = {isa = PBXFileReference; lastKnownFileType = sourcecode.swift; path = SceneDelegate.swift; sourceTree = "<group>"; };
		4B477C1524C1F15A00DC2CA3 /* MemeEditorViewController.swift */ = {isa = PBXFileReference; lastKnownFileType = sourcecode.swift; path = MemeEditorViewController.swift; sourceTree = "<group>"; };
		4B477C1824C1F15A00DC2CA3 /* Base */ = {isa = PBXFileReference; lastKnownFileType = file.storyboard; name = Base; path = Base.lproj/Main.storyboard; sourceTree = "<group>"; };
		4B477C1A24C1F15C00DC2CA3 /* Assets.xcassets */ = {isa = PBXFileReference; lastKnownFileType = folder.assetcatalog; path = Assets.xcassets; sourceTree = "<group>"; };
		4B477C1D24C1F15C00DC2CA3 /* Base */ = {isa = PBXFileReference; lastKnownFileType = file.storyboard; name = Base; path = Base.lproj/LaunchScreen.storyboard; sourceTree = "<group>"; };
		4B477C1F24C1F15C00DC2CA3 /* Info.plist */ = {isa = PBXFileReference; lastKnownFileType = text.plist.xml; path = Info.plist; sourceTree = "<group>"; };
		4B72E3EC25230AE9003A4F68 /* MemeCollectionViewController.swift */ = {isa = PBXFileReference; lastKnownFileType = sourcecode.swift; path = MemeCollectionViewController.swift; sourceTree = "<group>"; };
		4B72E3EF25230AF7003A4F68 /* MemeTableViewController.swift */ = {isa = PBXFileReference; lastKnownFileType = sourcecode.swift; path = MemeTableViewController.swift; sourceTree = "<group>"; };
		4B72E3F725231941003A4F68 /* Meme.swift */ = {isa = PBXFileReference; lastKnownFileType = sourcecode.swift; path = Meme.swift; sourceTree = "<group>"; };
		4B72E42C2525B8DF003A4F68 /* MemeDetailViewController.swift */ = {isa = PBXFileReference; lastKnownFileType = sourcecode.swift; path = MemeDetailViewController.swift; sourceTree = "<group>"; };
		4B72E4302525D4AE003A4F68 /* MemeCollectionViewCell.swift */ = {isa = PBXFileReference; lastKnownFileType = sourcecode.swift; path = MemeCollectionViewCell.swift; sourceTree = "<group>"; };
		4B72E443252B9C9A003A4F68 /* MemeTableViewCell.swift */ = {isa = PBXFileReference; lastKnownFileType = sourcecode.swift; path = MemeTableViewCell.swift; sourceTree = "<group>"; };
/* End PBXFileReference section */

/* Begin PBXFrameworksBuildPhase section */
		4B477C0B24C1F15A00DC2CA3 /* Frameworks */ = {
			isa = PBXFrameworksBuildPhase;
			buildActionMask = 2147483647;
			files = (
			);
			runOnlyForDeploymentPostprocessing = 0;
		};
/* End PBXFrameworksBuildPhase section */

/* Begin PBXGroup section */
		4B477C0524C1F15A00DC2CA3 = {
			isa = PBXGroup;
			children = (
				4B477C1024C1F15A00DC2CA3 /* MemeMe 2.0 */,
				4B477C0F24C1F15A00DC2CA3 /* Products */,
			);
			sourceTree = "<group>";
		};
		4B477C0F24C1F15A00DC2CA3 /* Products */ = {
			isa = PBXGroup;
			children = (
				4B477C0E24C1F15A00DC2CA3 /* MemeMe 2.0.app */,
			);
			name = Products;
			sourceTree = "<group>";
		};
		4B477C1024C1F15A00DC2CA3 /* MemeMe 2.0 */ = {
			isa = PBXGroup;
			children = (
				4B477C1124C1F15A00DC2CA3 /* AppDelegate.swift */,
				4B477C1324C1F15A00DC2CA3 /* SceneDelegate.swift */,
				4B72E3EF25230AF7003A4F68 /* MemeTableViewController.swift */,
				4B72E4302525D4AE003A4F68 /* MemeCollectionViewCell.swift */,
				4B72E42C2525B8DF003A4F68 /* MemeDetailViewController.swift */,
				4B72E443252B9C9A003A4F68 /* MemeTableViewCell.swift */,
				4B72E3EC25230AE9003A4F68 /* MemeCollectionViewController.swift */,
				4B477C1524C1F15A00DC2CA3 /* MemeEditorViewController.swift */,
				4B72E3F725231941003A4F68 /* Meme.swift */,
				4B477C1724C1F15A00DC2CA3 /* Main.storyboard */,
				4B477C1A24C1F15C00DC2CA3 /* Assets.xcassets */,
				4B477C1C24C1F15C00DC2CA3 /* LaunchScreen.storyboard */,
				4B477C1F24C1F15C00DC2CA3 /* Info.plist */,
			);
			path = "MemeMe 2.0";
			sourceTree = "<group>";
		};
/* End PBXGroup section */

/* Begin PBXNativeTarget section */
		4B477C0D24C1F15A00DC2CA3 /* MemeMe 2.0 */ = {
			isa = PBXNativeTarget;
			buildConfigurationList = 4B477C2224C1F15C00DC2CA3 /* Build configuration list for PBXNativeTarget "MemeMe 2.0" */;
			buildPhases = (
				4B477C0A24C1F15A00DC2CA3 /* Sources */,
				4B477C0B24C1F15A00DC2CA3 /* Frameworks */,
				4B477C0C24C1F15A00DC2CA3 /* Resources */,
			);
			buildRules = (
			);
			dependencies = (
			);
			name = "MemeMe 2.0";
			productName = "MemeMe 1.0";
			productReference = 4B477C0E24C1F15A00DC2CA3 /* MemeMe 2.0.app */;
			productType = "com.apple.product-type.application";
		};
/* End PBXNativeTarget section */

/* Begin PBXProject section */
		4B477C0624C1F15A00DC2CA3 /* Project object */ = {
			isa = PBXProject;
			attributes = {
				LastSwiftUpdateCheck = 1150;
				LastUpgradeCheck = 1200;
				ORGANIZATIONNAME = Levit8;
				TargetAttributes = {
					4B477C0D24C1F15A00DC2CA3 = {
						CreatedOnToolsVersion = 11.5;
					};
				};
			};
			buildConfigurationList = 4B477C0924C1F15A00DC2CA3 /* Build configuration list for PBXProject "MemeMe 2.0" */;
			compatibilityVersion = "Xcode 9.3";
			developmentRegion = en;
			hasScannedForEncodings = 0;
			knownRegions = (
				en,
				Base,
			);
			mainGroup = 4B477C0524C1F15A00DC2CA3;
			productRefGroup = 4B477C0F24C1F15A00DC2CA3 /* Products */;
			projectDirPath = "";
			projectRoot = "";
			targets = (
				4B477C0D24C1F15A00DC2CA3 /* MemeMe 2.0 */,
			);
		};
/* End PBXProject section */

/* Begin PBXResourcesBuildPhase section */
		4B477C0C24C1F15A00DC2CA3 /* Resources */ = {
			isa = PBXResourcesBuildPhase;
			buildActionMask = 2147483647;
			files = (
				4B477C1E24C1F15C00DC2CA3 /* LaunchScreen.storyboard in Resources */,
				4B477C1B24C1F15C00DC2CA3 /* Assets.xcassets in Resources */,
				4B477C1924C1F15A00DC2CA3 /* Main.storyboard in Resources */,
			);
			runOnlyForDeploymentPostprocessing = 0;
		};
/* End PBXResourcesBuildPhase section */

/* Begin PBXSourcesBuildPhase section */
		4B477C0A24C1F15A00DC2CA3 /* Sources */ = {
			isa = PBXSourcesBuildPhase;
			buildActionMask = 2147483647;
			files = (
				4B477C1624C1F15A00DC2CA3 /* MemeEditorViewController.swift in Sources */,
				4B477C1224C1F15A00DC2CA3 /* AppDelegate.swift in Sources */,
				4B72E3F825231941003A4F68 /* Meme.swift in Sources */,
				4B72E4312525D4AE003A4F68 /* MemeCollectionViewCell.swift in Sources */,
				4B72E3ED25230AE9003A4F68 /* MemeCollectionViewController.swift in Sources */,
				4B72E3F025230AF7003A4F68 /* MemeTableViewController.swift in Sources */,
				4B72E444252B9C9A003A4F68 /* MemeTableViewCell.swift in Sources */,
				4B477C1424C1F15A00DC2CA3 /* SceneDelegate.swift in Sources */,
				4B72E42D2525B8DF003A4F68 /* MemeDetailViewController.swift in Sources */,
			);
			runOnlyForDeploymentPostprocessing = 0;
		};
/* End PBXSourcesBuildPhase section */

/* Begin PBXVariantGroup section */
		4B477C1724C1F15A00DC2CA3 /* Main.storyboard */ = {
			isa = PBXVariantGroup;
			children = (
				4B477C1824C1F15A00DC2CA3 /* Base */,
			);
			name = Main.storyboard;
			sourceTree = "<group>";
		};
		4B477C1C24C1F15C00DC2CA3 /* LaunchScreen.storyboard */ = {
			isa = PBXVariantGroup;
			children = (
				4B477C1D24C1F15C00DC2CA3 /* Base */,
			);
			name = LaunchScreen.storyboard;
			sourceTree = "<group>";
		};
/* End PBXVariantGroup section */

/* Begin XCBuildConfiguration section */
		4B477C2024C1F15C00DC2CA3 /* Debug */ = {
			isa = XCBuildConfiguration;
			buildSettings = {
				ALWAYS_SEARCH_USER_PATHS = NO;
				CLANG_ANALYZER_NONNULL = YES;
				CLANG_ANALYZER_NUMBER_OBJECT_CONVERSION = YES_AGGRESSIVE;
				CLANG_CXX_LANGUAGE_STANDARD = "gnu++14";
				CLANG_CXX_LIBRARY = "libc++";
				CLANG_ENABLE_MODULES = YES;
				CLANG_ENABLE_OBJC_ARC = YES;
				CLANG_ENABLE_OBJC_WEAK = YES;
				CLANG_WARN_BLOCK_CAPTURE_AUTORELEASING = YES;
				CLANG_WARN_BOOL_CONVERSION = YES;
				CLANG_WARN_COMMA = YES;
				CLANG_WARN_CONSTANT_CONVERSION = YES;
				CLANG_WARN_DEPRECATED_OBJC_IMPLEMENTATIONS = YES;
				CLANG_WARN_DIRECT_OBJC_ISA_USAGE = YES_ERROR;
				CLANG_WARN_DOCUMENTATION_COMMENTS = YES;
				CLANG_WARN_EMPTY_BODY = YES;
				CLANG_WARN_ENUM_CONVERSION = YES;
				CLANG_WARN_INFINITE_RECURSION = YES;
				CLANG_WARN_INT_CONVERSION = YES;
				CLANG_WARN_NON_LITERAL_NULL_CONVERSION = YES;
				CLANG_WARN_OBJC_IMPLICIT_RETAIN_SELF = YES;
				CLANG_WARN_OBJC_LITERAL_CONVERSION = YES;
				CLANG_WARN_OBJC_ROOT_CLASS = YES_ERROR;
				CLANG_WARN_QUOTED_INCLUDE_IN_FRAMEWORK_HEADER = YES;
				CLANG_WARN_RANGE_LOOP_ANALYSIS = YES;
				CLANG_WARN_STRICT_PROTOTYPES = YES;
				CLANG_WARN_SUSPICIOUS_MOVE = YES;
				CLANG_WARN_UNGUARDED_AVAILABILITY = YES_AGGRESSIVE;
				CLANG_WARN_UNREACHABLE_CODE = YES;
				CLANG_WARN__DUPLICATE_METHOD_MATCH = YES;
				COPY_PHASE_STRIP = NO;
				DEBUG_INFORMATION_FORMAT = dwarf;
				ENABLE_STRICT_OBJC_MSGSEND = YES;
				ENABLE_TESTABILITY = YES;
				GCC_C_LANGUAGE_STANDARD = gnu11;
				GCC_DYNAMIC_NO_PIC = NO;
				GCC_NO_COMMON_BLOCKS = YES;
				GCC_OPTIMIZATION_LEVEL = 0;
				GCC_PREPROCESSOR_DEFINITIONS = (
					"DEBUG=1",
					"$(inherited)",
				);
				GCC_WARN_64_TO_32_BIT_CONVERSION = YES;
				GCC_WARN_ABOUT_RETURN_TYPE = YES_ERROR;
				GCC_WARN_UNDECLARED_SELECTOR = YES;
				GCC_WARN_UNINITIALIZED_AUTOS = YES_AGGRESSIVE;
				GCC_WARN_UNUSED_FUNCTION = YES;
				GCC_WARN_UNUSED_VARIABLE = YES;
				IPHONEOS_DEPLOYMENT_TARGET = 13.5;
				MTL_ENABLE_DEBUG_INFO = INCLUDE_SOURCE;
				MTL_FAST_MATH = YES;
				ONLY_ACTIVE_ARCH = YES;
				SDKROOT = iphoneos;
				SWIFT_ACTIVE_COMPILATION_CONDITIONS = DEBUG;
				SWIFT_OPTIMIZATION_LEVEL = "-Onone";
			};
			name = Debug;
		};
		4B477C2124C1F15C00DC2CA3 /* Release */ = {
			isa = XCBuildConfiguration;
			buildSettings = {
				ALWAYS_SEARCH_USER_PATHS = NO;
				CLANG_ANALYZER_NONNULL = YES;
				CLANG_ANALYZER_NUMBER_OBJECT_CONVERSION = YES_AGGRESSIVE;
				CLANG_CXX_LANGUAGE_STANDARD = "gnu++14";
				CLANG_CXX_LIBRARY = "libc++";
				CLANG_ENABLE_MODULES = YES;
				CLANG_ENABLE_OBJC_ARC = YES;
				CLANG_ENABLE_OBJC_WEAK = YES;
				CLANG_WARN_BLOCK_CAPTURE_AUTORELEASING = YES;
				CLANG_WARN_BOOL_CONVERSION = YES;
				CLANG_WARN_COMMA = YES;
				CLANG_WARN_CONSTANT_CONVERSION = YES;
				CLANG_WARN_DEPRECATED_OBJC_IMPLEMENTATIONS = YES;
				CLANG_WARN_DIRECT_OBJC_ISA_USAGE = YES_ERROR;
				CLANG_WARN_DOCUMENTATION_COMMENTS = YES;
				CLANG_WARN_EMPTY_BODY = YES;
				CLANG_WARN_ENUM_CONVERSION = YES;
				CLANG_WARN_INFINITE_RECURSION = YES;
				CLANG_WARN_INT_CONVERSION = YES;
				CLANG_WARN_NON_LITERAL_NULL_CONVERSION = YES;
				CLANG_WARN_OBJC_IMPLICIT_RETAIN_SELF = YES;
				CLANG_WARN_OBJC_LITERAL_CONVERSION = YES;
				CLANG_WARN_OBJC_ROOT_CLASS = YES_ERROR;
				CLANG_WARN_QUOTED_INCLUDE_IN_FRAMEWORK_HEADER = YES;
				CLANG_WARN_RANGE_LOOP_ANALYSIS = YES;
				CLANG_WARN_STRICT_PROTOTYPES = YES;
				CLANG_WARN_SUSPICIOUS_MOVE = YES;
				CLANG_WARN_UNGUARDED_AVAILABILITY = YES_AGGRESSIVE;
				CLANG_WARN_UNREACHABLE_CODE = YES;
				CLANG_WARN__DUPLICATE_METHOD_MATCH = YES;
				COPY_PHASE_STRIP = NO;
				DEBUG_INFORMATION_FORMAT = "dwarf-with-dsym";
				ENABLE_NS_ASSERTIONS = NO;
				ENABLE_STRICT_OBJC_MSGSEND = YES;
				GCC_C_LANGUAGE_STANDARD = gnu11;
				GCC_NO_COMMON_BLOCKS = YES;
				GCC_WARN_64_TO_32_BIT_CONVERSION = YES;
				GCC_WARN_ABOUT_RETURN_TYPE = YES_ERROR;
				GCC_WARN_UNDECLARED_SELECTOR = YES;
				GCC_WARN_UNINITIALIZED_AUTOS = YES_AGGRESSIVE;
				GCC_WARN_UNUSED_FUNCTION = YES;
				GCC_WARN_UNUSED_VARIABLE = YES;
				IPHONEOS_DEPLOYMENT_TARGET = 13.5;
				MTL_ENABLE_DEBUG_INFO = NO;
				MTL_FAST_MATH = YES;
				SDKROOT = iphoneos;
				SWIFT_COMPILATION_MODE = wholemodule;
				SWIFT_OPTIMIZATION_LEVEL = "-O";
				VALIDATE_PRODUCT = YES;
			};
			name = Release;
		};
		4B477C2324C1F15C00DC2CA3 /* Debug */ = {
			isa = XCBuildConfiguration;
			buildSettings = {
				ASSETCATALOG_COMPILER_APPICON_NAME = AppIcon;
				CODE_SIGN_STYLE = Automatic;
				DEVELOPMENT_TEAM = P84M495823;
				INFOPLIST_FILE = "MemeMe 2.0/Info.plist";
				LD_RUNPATH_SEARCH_PATHS = (
					"$(inherited)",
					"@executable_path/Frameworks",
				);
				PRODUCT_BUNDLE_IDENTIFIER = "com.levit8.MemeMe-2-0";
				PRODUCT_NAME = "$(TARGET_NAME)";
				SWIFT_VERSION = 5.0;
				TARGETED_DEVICE_FAMILY = "1,2";
			};
			name = Debug;
		};
		4B477C2424C1F15C00DC2CA3 /* Release */ = {
			isa = XCBuildConfiguration;
			buildSettings = {
				ASSETCATALOG_COMPILER_APPICON_NAME = AppIcon;
				CODE_SIGN_STYLE = Automatic;
				DEVELOPMENT_TEAM = P84M495823;
				INFOPLIST_FILE = "MemeMe 2.0/Info.plist";
				LD_RUNPATH_SEARCH_PATHS = (
					"$(inherited)",
					"@executable_path/Frameworks",
				);
				PRODUCT_BUNDLE_IDENTIFIER = "com.levit8.MemeMe-2-0";
				PRODUCT_NAME = "$(TARGET_NAME)";
				SWIFT_VERSION = 5.0;
				TARGETED_DEVICE_FAMILY = "1,2";
			};
			name = Release;
		};
/* End XCBuildConfiguration section */

/* Begin XCConfigurationList section */
		4B477C0924C1F15A00DC2CA3 /* Build configuration list for PBXProject "MemeMe 2.0" */ = {
			isa = XCConfigurationList;
			buildConfigurations = (
				4B477C2024C1F15C00DC2CA3 /* Debug */,
				4B477C2124C1F15C00DC2CA3 /* Release */,
			);
			defaultConfigurationIsVisible = 0;
			defaultConfigurationName = Release;
		};
		4B477C2224C1F15C00DC2CA3 /* Build configuration list for PBXNativeTarget "MemeMe 2.0" */ = {
			isa = XCConfigurationList;
			buildConfigurations = (
				4B477C2324C1F15C00DC2CA3 /* Debug */,
				4B477C2424C1F15C00DC2CA3 /* Release */,
			);
			defaultConfigurationIsVisible = 0;
			defaultConfigurationName = Release;
		};
/* End XCConfigurationList section */
	};
	rootObject = 4B477C0624C1F15A00DC2CA3 /* Project object */;
}
